
Microsoft Visual Studio Solution File, Format Version 12.00
# Visual Studio Version 16
VisualStudioVersion = 16.0.29709.97
MinimumVisualStudioVersion = 10.0.40219.1
Project("{FAE04EC0-301F-11D3-BF4B-00C04F79EFBC}") = "Lambdas", "Lambdas\Lambdas.csproj", "{90E3946D-5740-4893-9E8C-08A96A37E5A2}"
EndProject
Global
	GlobalSection(SolutionConfigurationPlatforms) = preSolution
		Debug|Any CPU = Debug|Any CPU
		Release|Any CPU = Release|Any CPU
	EndGlobalSection
	GlobalSection(ProjectConfigurationPlatforms) = postSolution
		{90E3946D-5740-4893-9E8C-08A96A37E5A2}.Debug|Any CPU.ActiveCfg = Debug|Any CPU
		{90E3946D-5740-4893-9E8C-08A96A37E5A2}.Debug|Any CPU.Build.0 = Debug|Any CPU
		{90E3946D-5740-4893-9E8C-08A96A37E5A2}.Release|Any CPU.ActiveCfg = Release|Any CPU
		{90E3946D-5740-4893-9E8C-08A96A37E5A2}.Release|Any CPU.Build.0 = Release|Any CPU
	EndGlobalSection
	GlobalSection(SolutionProperties) = preSolution
		HideSolutionNode = FALSE
	EndGlobalSection
	GlobalSection(ExtensibilityGlobals) = postSolution
		SolutionGuid = {400CC9DB-77D6-42BF-9C83-B97BB5B8C622}
	EndGlobalSection
EndGlobal
